// !$*UTF8*$!
{
	archiveVersion = 1;
	classes = {
	};
	objectVersion = 48;
	objects = {

/* Begin PBXBuildFile section */
		302A199C2063118C0089058E /* Coin.swift in Sources */ = {isa = PBXBuildFile; fileRef = 302A199B2063118C0089058E /* Coin.swift */; };
		302A19A2206315F00089058E /* TickerClient.swift in Sources */ = {isa = PBXBuildFile; fileRef = 302A19A1206315F00089058E /* TickerClient.swift */; };
		302A19A420631D500089058E /* CoinMarketCapTableViewController.swift in Sources */ = {isa = PBXBuildFile; fileRef = 302A19A320631D500089058E /* CoinMarketCapTableViewController.swift */; };
		302A19A720631F400089058E /* CoinMarketCapTableViewCell.swift in Sources */ = {isa = PBXBuildFile; fileRef = 302A19A620631F400089058E /* CoinMarketCapTableViewCell.swift */; };
		302A19AA2063449F0089058E /* CoinMarketCapDetailViewController.swift in Sources */ = {isa = PBXBuildFile; fileRef = 302A19A92063449F0089058E /* CoinMarketCapDetailViewController.swift */; };
		302A19AD2063477F0089058E /* MoneyFormatExtension.swift in Sources */ = {isa = PBXBuildFile; fileRef = 302A19AC2063477F0089058E /* MoneyFormatExtension.swift */; };
		302A19B12063DBD30089058E /* README.md in Resources */ = {isa = PBXBuildFile; fileRef = 302A19B02063DBD30089058E /* README.md */; };
		30C6563020630B35000310FD /* AppDelegate.swift in Sources */ = {isa = PBXBuildFile; fileRef = 30C6562F20630B35000310FD /* AppDelegate.swift */; };
		30C6563520630B35000310FD /* Main.storyboard in Resources */ = {isa = PBXBuildFile; fileRef = 30C6563320630B35000310FD /* Main.storyboard */; };
		30C6563720630B35000310FD /* Assets.xcassets in Resources */ = {isa = PBXBuildFile; fileRef = 30C6563620630B35000310FD /* Assets.xcassets */; };
		30C6563A20630B35000310FD /* LaunchScreen.storyboard in Resources */ = {isa = PBXBuildFile; fileRef = 30C6563820630B35000310FD /* LaunchScreen.storyboard */; };
		30C6564520630B35000310FD /* CoinMarketCapTests.swift in Sources */ = {isa = PBXBuildFile; fileRef = 30C6564420630B35000310FD /* CoinMarketCapTests.swift */; };
		464F2B01E1126E7F69493677 /* Pods_CoinMarketCap.framework in Frameworks */ = {isa = PBXBuildFile; fileRef = ECF6F59D4905773ABD2E7C25 /* Pods_CoinMarketCap.framework */; };
		77145BFF222A1DD2B2D9C57D /* Pods_CoinMarketCapTests.framework in Frameworks */ = {isa = PBXBuildFile; fileRef = AD717453F7F249156C8626E2 /* Pods_CoinMarketCapTests.framework */; };
/* End PBXBuildFile section */

/* Begin PBXContainerItemProxy section */
		30C6564120630B35000310FD /* PBXContainerItemProxy */ = {
			isa = PBXContainerItemProxy;
			containerPortal = 30C6562420630B35000310FD /* Project object */;
			proxyType = 1;
			remoteGlobalIDString = 30C6562B20630B35000310FD;
			remoteInfo = CoinMarketCap;
		};
/* End PBXContainerItemProxy section */

/* Begin PBXFileReference section */
		302A199B2063118C0089058E /* Coin.swift */ = {isa = PBXFileReference; lastKnownFileType = sourcecode.swift; path = Coin.swift; sourceTree = "<group>"; };
		302A19A1206315F00089058E /* TickerClient.swift */ = {isa = PBXFileReference; lastKnownFileType = sourcecode.swift; path = TickerClient.swift; sourceTree = "<group>"; };
		302A19A320631D500089058E /* CoinMarketCapTableViewController.swift */ = {isa = PBXFileReference; lastKnownFileType = sourcecode.swift; path = CoinMarketCapTableViewController.swift; sourceTree = "<group>"; };
		302A19A620631F400089058E /* CoinMarketCapTableViewCell.swift */ = {isa = PBXFileReference; lastKnownFileType = sourcecode.swift; path = CoinMarketCapTableViewCell.swift; sourceTree = "<group>"; };
		302A19A92063449F0089058E /* CoinMarketCapDetailViewController.swift */ = {isa = PBXFileReference; lastKnownFileType = sourcecode.swift; path = CoinMarketCapDetailViewController.swift; sourceTree = "<group>"; };
		302A19AC2063477F0089058E /* MoneyFormatExtension.swift */ = {isa = PBXFileReference; lastKnownFileType = sourcecode.swift; path = MoneyFormatExtension.swift; sourceTree = "<group>"; };
		302A19B02063DBD30089058E /* README.md */ = {isa = PBXFileReference; lastKnownFileType = net.daringfireball.markdown; path = README.md; sourceTree = "<group>"; };
		30C6562C20630B35000310FD /* CoinMarketCap.app */ = {isa = PBXFileReference; explicitFileType = wrapper.application; includeInIndex = 0; path = CoinMarketCap.app; sourceTree = BUILT_PRODUCTS_DIR; };
		30C6562F20630B35000310FD /* AppDelegate.swift */ = {isa = PBXFileReference; lastKnownFileType = sourcecode.swift; path = AppDelegate.swift; sourceTree = "<group>"; };
		30C6563420630B35000310FD /* Base */ = {isa = PBXFileReference; lastKnownFileType = file.storyboard; name = Base; path = Base.lproj/Main.storyboard; sourceTree = "<group>"; };
		30C6563620630B35000310FD /* Assets.xcassets */ = {isa = PBXFileReference; lastKnownFileType = folder.assetcatalog; path = Assets.xcassets; sourceTree = "<group>"; };
		30C6563920630B35000310FD /* Base */ = {isa = PBXFileReference; lastKnownFileType = file.storyboard; name = Base; path = Base.lproj/LaunchScreen.storyboard; sourceTree = "<group>"; };
		30C6563B20630B35000310FD /* Info.plist */ = {isa = PBXFileReference; lastKnownFileType = text.plist.xml; path = Info.plist; sourceTree = "<group>"; };
		30C6564020630B35000310FD /* CoinMarketCapTests.xctest */ = {isa = PBXFileReference; explicitFileType = wrapper.cfbundle; includeInIndex = 0; path = CoinMarketCapTests.xctest; sourceTree = BUILT_PRODUCTS_DIR; };
		30C6564420630B35000310FD /* CoinMarketCapTests.swift */ = {isa = PBXFileReference; lastKnownFileType = sourcecode.swift; path = CoinMarketCapTests.swift; sourceTree = "<group>"; };
		30C6564620630B35000310FD /* Info.plist */ = {isa = PBXFileReference; lastKnownFileType = text.plist.xml; path = Info.plist; sourceTree = "<group>"; };
		A6573F5F1661B105C02EEA2F /* Pods-CoinMarketCapTests.debug.xcconfig */ = {isa = PBXFileReference; includeInIndex = 1; lastKnownFileType = text.xcconfig; name = "Pods-CoinMarketCapTests.debug.xcconfig"; path = "Pods/Target Support Files/Pods-CoinMarketCapTests/Pods-CoinMarketCapTests.debug.xcconfig"; sourceTree = "<group>"; };
		AD717453F7F249156C8626E2 /* Pods_CoinMarketCapTests.framework */ = {isa = PBXFileReference; explicitFileType = wrapper.framework; includeInIndex = 0; path = Pods_CoinMarketCapTests.framework; sourceTree = BUILT_PRODUCTS_DIR; };
		D6BF5DFF095937E6F533FE00 /* Pods-CoinMarketCap.release.xcconfig */ = {isa = PBXFileReference; includeInIndex = 1; lastKnownFileType = text.xcconfig; name = "Pods-CoinMarketCap.release.xcconfig"; path = "Pods/Target Support Files/Pods-CoinMarketCap/Pods-CoinMarketCap.release.xcconfig"; sourceTree = "<group>"; };
		DC91716EFCB7AA94C4431B93 /* Pods-CoinMarketCapTests.release.xcconfig */ = {isa = PBXFileReference; includeInIndex = 1; lastKnownFileType = text.xcconfig; name = "Pods-CoinMarketCapTests.release.xcconfig"; path = "Pods/Target Support Files/Pods-CoinMarketCapTests/Pods-CoinMarketCapTests.release.xcconfig"; sourceTree = "<group>"; };
		ECF6F59D4905773ABD2E7C25 /* Pods_CoinMarketCap.framework */ = {isa = PBXFileReference; explicitFileType = wrapper.framework; includeInIndex = 0; path = Pods_CoinMarketCap.framework; sourceTree = BUILT_PRODUCTS_DIR; };
		F4A5051F627CAF5EFF656628 /* Pods-CoinMarketCap.debug.xcconfig */ = {isa = PBXFileReference; includeInIndex = 1; lastKnownFileType = text.xcconfig; name = "Pods-CoinMarketCap.debug.xcconfig"; path = "Pods/Target Support Files/Pods-CoinMarketCap/Pods-CoinMarketCap.debug.xcconfig"; sourceTree = "<group>"; };
/* End PBXFileReference section */

/* Begin PBXFrameworksBuildPhase section */
		30C6562920630B35000310FD /* Frameworks */ = {
			isa = PBXFrameworksBuildPhase;
			buildActionMask = 2147483647;
			files = (
				464F2B01E1126E7F69493677 /* Pods_CoinMarketCap.framework in Frameworks */,
			);
			runOnlyForDeploymentPostprocessing = 0;
		};
		30C6563D20630B35000310FD /* Frameworks */ = {
			isa = PBXFrameworksBuildPhase;
			buildActionMask = 2147483647;
			files = (
				77145BFF222A1DD2B2D9C57D /* Pods_CoinMarketCapTests.framework in Frameworks */,
			);
			runOnlyForDeploymentPostprocessing = 0;
		};
/* End PBXFrameworksBuildPhase section */

/* Begin PBXGroup section */
		002DD79F2CA05B81D87A9343 /* Frameworks */ = {
			isa = PBXGroup;
			children = (
				ECF6F59D4905773ABD2E7C25 /* Pods_CoinMarketCap.framework */,
				AD717453F7F249156C8626E2 /* Pods_CoinMarketCapTests.framework */,
			);
			name = Frameworks;
			sourceTree = "<group>";
		};
		302A199A206311790089058E /* Models */ = {
			isa = PBXGroup;
			children = (
				302A199B2063118C0089058E /* Coin.swift */,
			);
			path = Models;
			sourceTree = "<group>";
		};
		302A199D2063141E0089058E /* Delegates */ = {
			isa = PBXGroup;
			children = (
				30C6562F20630B35000310FD /* AppDelegate.swift */,
			);
			path = Delegates;
			sourceTree = "<group>";
		};
		302A199E206314310089058E /* Storyboards */ = {
			isa = PBXGroup;
			children = (
				30C6563820630B35000310FD /* LaunchScreen.storyboard */,
				30C6563320630B35000310FD /* Main.storyboard */,
			);
			path = Storyboards;
			sourceTree = "<group>";
		};
		302A199F206314AD0089058E /* ViewControllers */ = {
			isa = PBXGroup;
			children = (
				302A19A82063445F0089058E /* CoinMarketCapDetails */,
				302A19A520631F210089058E /* CoinMarketCap */,
			);
			path = ViewControllers;
			sourceTree = "<group>";
		};
		302A19A0206315C80089058E /* APIClients */ = {
			isa = PBXGroup;
			children = (
				302A19A1206315F00089058E /* TickerClient.swift */,
			);
			path = APIClients;
			sourceTree = "<group>";
		};
		302A19A520631F210089058E /* CoinMarketCap */ = {
			isa = PBXGroup;
			children = (
				302A19A320631D500089058E /* CoinMarketCapTableViewController.swift */,
				302A19A620631F400089058E /* CoinMarketCapTableViewCell.swift */,
			);
			path = CoinMarketCap;
			sourceTree = "<group>";
		};
		302A19A82063445F0089058E /* CoinMarketCapDetails */ = {
			isa = PBXGroup;
			children = (
				302A19A92063449F0089058E /* CoinMarketCapDetailViewController.swift */,
			);
			path = CoinMarketCapDetails;
			sourceTree = "<group>";
		};
		302A19AB206346FD0089058E /* Extensions */ = {
			isa = PBXGroup;
			children = (
				302A19AC2063477F0089058E /* MoneyFormatExtension.swift */,
			);
			path = Extensions;
			sourceTree = "<group>";
		};
		30C6562320630B35000310FD = {
			isa = PBXGroup;
			children = (
				302A19B02063DBD30089058E /* README.md */,
				30C6562E20630B35000310FD /* CoinMarketCap */,
				30C6564320630B35000310FD /* CoinMarketCapTests */,
				30C6562D20630B35000310FD /* Products */,
				7AB11AE4D6FE10B17AF71835 /* Pods */,
				002DD79F2CA05B81D87A9343 /* Frameworks */,
			);
			sourceTree = "<group>";
		};
		30C6562D20630B35000310FD /* Products */ = {
			isa = PBXGroup;
			children = (
				30C6562C20630B35000310FD /* CoinMarketCap.app */,
				30C6564020630B35000310FD /* CoinMarketCapTests.xctest */,
			);
			name = Products;
			sourceTree = "<group>";
		};
		30C6562E20630B35000310FD /* CoinMarketCap */ = {
			isa = PBXGroup;
			children = (
				302A19AB206346FD0089058E /* Extensions */,
				302A19A0206315C80089058E /* APIClients */,
				302A199F206314AD0089058E /* ViewControllers */,
				302A199E206314310089058E /* Storyboards */,
				302A199D2063141E0089058E /* Delegates */,
				302A199A206311790089058E /* Models */,
				30C6563620630B35000310FD /* Assets.xcassets */,
				30C6563B20630B35000310FD /* Info.plist */,
			);
			path = CoinMarketCap;
			sourceTree = "<group>";
		};
		30C6564320630B35000310FD /* CoinMarketCapTests */ = {
			isa = PBXGroup;
			children = (
				30C6564420630B35000310FD /* CoinMarketCapTests.swift */,
				30C6564620630B35000310FD /* Info.plist */,
			);
			path = CoinMarketCapTests;
			sourceTree = "<group>";
		};
		7AB11AE4D6FE10B17AF71835 /* Pods */ = {
			isa = PBXGroup;
			children = (
				F4A5051F627CAF5EFF656628 /* Pods-CoinMarketCap.debug.xcconfig */,
				D6BF5DFF095937E6F533FE00 /* Pods-CoinMarketCap.release.xcconfig */,
				A6573F5F1661B105C02EEA2F /* Pods-CoinMarketCapTests.debug.xcconfig */,
				DC91716EFCB7AA94C4431B93 /* Pods-CoinMarketCapTests.release.xcconfig */,
			);
			name = Pods;
			sourceTree = "<group>";
		};
/* End PBXGroup section */

/* Begin PBXNativeTarget section */
		30C6562B20630B35000310FD /* CoinMarketCap */ = {
			isa = PBXNativeTarget;
			buildConfigurationList = 30C6564920630B35000310FD /* Build configuration list for PBXNativeTarget "CoinMarketCap" */;
			buildPhases = (
				A46A6C214BAC4D7406508FDE /* [CP] Check Pods Manifest.lock */,
				30C6562820630B35000310FD /* Sources */,
				30C6562920630B35000310FD /* Frameworks */,
				30C6562A20630B35000310FD /* Resources */,
				1EDC96ADFDDA19361FBF1C5B /* [CP] Embed Pods Frameworks */,
				DC63A0EDC1F4B675E258DEAA /* [CP] Copy Pods Resources */,
			);
			buildRules = (
			);
			dependencies = (
			);
			name = CoinMarketCap;
			productName = CoinMarketCap;
			productReference = 30C6562C20630B35000310FD /* CoinMarketCap.app */;
			productType = "com.apple.product-type.application";
		};
		30C6563F20630B35000310FD /* CoinMarketCapTests */ = {
			isa = PBXNativeTarget;
			buildConfigurationList = 30C6564C20630B35000310FD /* Build configuration list for PBXNativeTarget "CoinMarketCapTests" */;
			buildPhases = (
				EE8DCC622E3FD14E6BA4D7FD /* [CP] Check Pods Manifest.lock */,
				30C6563C20630B35000310FD /* Sources */,
				30C6563D20630B35000310FD /* Frameworks */,
				30C6563E20630B35000310FD /* Resources */,
				8A620BB74D8EF74160CB39EB /* [CP] Embed Pods Frameworks */,
				B34B78EDEF4DEAA3628A9A1B /* [CP] Copy Pods Resources */,
			);
			buildRules = (
			);
			dependencies = (
				30C6564220630B35000310FD /* PBXTargetDependency */,
			);
			name = CoinMarketCapTests;
			productName = CoinMarketCapTests;
			productReference = 30C6564020630B35000310FD /* CoinMarketCapTests.xctest */;
			productType = "com.apple.product-type.bundle.unit-test";
		};
/* End PBXNativeTarget section */

/* Begin PBXProject section */
		30C6562420630B35000310FD /* Project object */ = {
			isa = PBXProject;
			attributes = {
				LastSwiftUpdateCheck = 0920;
				LastUpgradeCheck = 0920;
				ORGANIZATIONNAME = mourodrigo;
				TargetAttributes = {
					30C6562B20630B35000310FD = {
						CreatedOnToolsVersion = 9.2;
						ProvisioningStyle = Automatic;
						SystemCapabilities = {
							com.apple.BackgroundModes = {
								enabled = 1;
							};
						};
					};
					30C6563F20630B35000310FD = {
						CreatedOnToolsVersion = 9.2;
						ProvisioningStyle = Automatic;
						TestTargetID = 30C6562B20630B35000310FD;
					};
				};
			};
			buildConfigurationList = 30C6562720630B35000310FD /* Build configuration list for PBXProject "CoinMarketCap" */;
			compatibilityVersion = "Xcode 8.0";
			developmentRegion = en;
			hasScannedForEncodings = 0;
			knownRegions = (
				en,
				Base,
			);
			mainGroup = 30C6562320630B35000310FD;
			productRefGroup = 30C6562D20630B35000310FD /* Products */;
			projectDirPath = "";
			projectRoot = "";
			targets = (
				30C6562B20630B35000310FD /* CoinMarketCap */,
				30C6563F20630B35000310FD /* CoinMarketCapTests */,
			);
		};
/* End PBXProject section */

/* Begin PBXResourcesBuildPhase section */
		30C6562A20630B35000310FD /* Resources */ = {
			isa = PBXResourcesBuildPhase;
			buildActionMask = 2147483647;
			files = (
				30C6563A20630B35000310FD /* LaunchScreen.storyboard in Resources */,
				30C6563720630B35000310FD /* Assets.xcassets in Resources */,
				302A19B12063DBD30089058E /* README.md in Resources */,
				30C6563520630B35000310FD /* Main.storyboard in Resources */,
			);
			runOnlyForDeploymentPostprocessing = 0;
		};
		30C6563E20630B35000310FD /* Resources */ = {
			isa = PBXResourcesBuildPhase;
			buildActionMask = 2147483647;
			files = (
			);
			runOnlyForDeploymentPostprocessing = 0;
		};
/* End PBXResourcesBuildPhase section */

/* Begin PBXShellScriptBuildPhase section */
		1EDC96ADFDDA19361FBF1C5B /* [CP] Embed Pods Frameworks */ = {
			isa = PBXShellScriptBuildPhase;
			buildActionMask = 2147483647;
			files = (
			);
			inputPaths = (
				"${SRCROOT}/Pods/Target Support Files/Pods-CoinMarketCap/Pods-CoinMarketCap-frameworks.sh",
				"${BUILT_PRODUCTS_DIR}/Alamofire/Alamofire.framework",
				"${BUILT_PRODUCTS_DIR}/Alamofire-SwiftyJSON/Alamofire_SwiftyJSON.framework",
				"${BUILT_PRODUCTS_DIR}/Realm/Realm.framework",
				"${BUILT_PRODUCTS_DIR}/RealmSwift/RealmSwift.framework",
				"${BUILT_PRODUCTS_DIR}/SwiftyJSON/SwiftyJSON.framework",
			);
			name = "[CP] Embed Pods Frameworks";
			outputPaths = (
				"${TARGET_BUILD_DIR}/${FRAMEWORKS_FOLDER_PATH}/Alamofire.framework",
				"${TARGET_BUILD_DIR}/${FRAMEWORKS_FOLDER_PATH}/Alamofire_SwiftyJSON.framework",
				"${TARGET_BUILD_DIR}/${FRAMEWORKS_FOLDER_PATH}/Realm.framework",
				"${TARGET_BUILD_DIR}/${FRAMEWORKS_FOLDER_PATH}/RealmSwift.framework",
				"${TARGET_BUILD_DIR}/${FRAMEWORKS_FOLDER_PATH}/SwiftyJSON.framework",
			);
			runOnlyForDeploymentPostprocessing = 0;
			shellPath = /bin/sh;
			shellScript = "\"${SRCROOT}/Pods/Target Support Files/Pods-CoinMarketCap/Pods-CoinMarketCap-frameworks.sh\"\n";
			showEnvVarsInLog = 0;
		};
		8A620BB74D8EF74160CB39EB /* [CP] Embed Pods Frameworks */ = {
			isa = PBXShellScriptBuildPhase;
			buildActionMask = 2147483647;
			files = (
			);
			inputPaths = (
			);
			name = "[CP] Embed Pods Frameworks";
			outputPaths = (
			);
			runOnlyForDeploymentPostprocessing = 0;
			shellPath = /bin/sh;
			shellScript = "\"${SRCROOT}/Pods/Target Support Files/Pods-CoinMarketCapTests/Pods-CoinMarketCapTests-frameworks.sh\"\n";
			showEnvVarsInLog = 0;
		};
		A46A6C214BAC4D7406508FDE /* [CP] Check Pods Manifest.lock */ = {
			isa = PBXShellScriptBuildPhase;
			buildActionMask = 2147483647;
			files = (
			);
			inputPaths = (
				"${PODS_PODFILE_DIR_PATH}/Podfile.lock",
				"${PODS_ROOT}/Manifest.lock",
			);
			name = "[CP] Check Pods Manifest.lock";
			outputPaths = (
				"$(DERIVED_FILE_DIR)/Pods-CoinMarketCap-checkManifestLockResult.txt",
			);
			runOnlyForDeploymentPostprocessing = 0;
			shellPath = /bin/sh;
			shellScript = "diff \"${PODS_PODFILE_DIR_PATH}/Podfile.lock\" \"${PODS_ROOT}/Manifest.lock\" > /dev/null\nif [ $? != 0 ] ; then\n    # print error to STDERR\n    echo \"error: The sandbox is not in sync with the Podfile.lock. Run 'pod install' or update your CocoaPods installation.\" >&2\n    exit 1\nfi\n# This output is used by Xcode 'outputs' to avoid re-running this script phase.\necho \"SUCCESS\" > \"${SCRIPT_OUTPUT_FILE_0}\"\n";
			showEnvVarsInLog = 0;
		};
		B34B78EDEF4DEAA3628A9A1B /* [CP] Copy Pods Resources */ = {
			isa = PBXShellScriptBuildPhase;
			buildActionMask = 2147483647;
			files = (
			);
			inputPaths = (
			);
			name = "[CP] Copy Pods Resources";
			outputPaths = (
			);
			runOnlyForDeploymentPostprocessing = 0;
			shellPath = /bin/sh;
			shellScript = "\"${SRCROOT}/Pods/Target Support Files/Pods-CoinMarketCapTests/Pods-CoinMarketCapTests-resources.sh\"\n";
			showEnvVarsInLog = 0;
		};
		DC63A0EDC1F4B675E258DEAA /* [CP] Copy Pods Resources */ = {
			isa = PBXShellScriptBuildPhase;
			buildActionMask = 2147483647;
			files = (
			);
			inputPaths = (
			);
			name = "[CP] Copy Pods Resources";
			outputPaths = (
			);
			runOnlyForDeploymentPostprocessing = 0;
			shellPath = /bin/sh;
			shellScript = "\"${SRCROOT}/Pods/Target Support Files/Pods-CoinMarketCap/Pods-CoinMarketCap-resources.sh\"\n";
			showEnvVarsInLog = 0;
		};
		EE8DCC622E3FD14E6BA4D7FD /* [CP] Check Pods Manifest.lock */ = {
			isa = PBXShellScriptBuildPhase;
			buildActionMask = 2147483647;
			files = (
			);
			inputPaths = (
				"${PODS_PODFILE_DIR_PATH}/Podfile.lock",
				"${PODS_ROOT}/Manifest.lock",
			);
			name = "[CP] Check Pods Manifest.lock";
			outputPaths = (
				"$(DERIVED_FILE_DIR)/Pods-CoinMarketCapTests-checkManifestLockResult.txt",
			);
			runOnlyForDeploymentPostprocessing = 0;
			shellPath = /bin/sh;
			shellScript = "diff \"${PODS_PODFILE_DIR_PATH}/Podfile.lock\" \"${PODS_ROOT}/Manifest.lock\" > /dev/null\nif [ $? != 0 ] ; then\n    # print error to STDERR\n    echo \"error: The sandbox is not in sync with the Podfile.lock. Run 'pod install' or update your CocoaPods installation.\" >&2\n    exit 1\nfi\n# This output is used by Xcode 'outputs' to avoid re-running this script phase.\necho \"SUCCESS\" > \"${SCRIPT_OUTPUT_FILE_0}\"\n";
			showEnvVarsInLog = 0;
		};
/* End PBXShellScriptBuildPhase section */

/* Begin PBXSourcesBuildPhase section */
		30C6562820630B35000310FD /* Sources */ = {
			isa = PBXSourcesBuildPhase;
			buildActionMask = 2147483647;
			files = (
				302A19AD2063477F0089058E /* MoneyFormatExtension.swift in Sources */,
				302A199C2063118C0089058E /* Coin.swift in Sources */,
				302A19AA2063449F0089058E /* CoinMarketCapDetailViewController.swift in Sources */,
				302A19A720631F400089058E /* CoinMarketCapTableViewCell.swift in Sources */,
				302A19A420631D500089058E /* CoinMarketCapTableViewController.swift in Sources */,
				302A19A2206315F00089058E /* TickerClient.swift in Sources */,
				30C6563020630B35000310FD /* AppDelegate.swift in Sources */,
			);
			runOnlyForDeploymentPostprocessing = 0;
		};
		30C6563C20630B35000310FD /* Sources */ = {
			isa = PBXSourcesBuildPhase;
			buildActionMask = 2147483647;
			files = (
				30C6564520630B35000310FD /* CoinMarketCapTests.swift in Sources */,
			);
			runOnlyForDeploymentPostprocessing = 0;
		};
/* End PBXSourcesBuildPhase section */

/* Begin PBXTargetDependency section */
		30C6564220630B35000310FD /* PBXTargetDependency */ = {
			isa = PBXTargetDependency;
			target = 30C6562B20630B35000310FD /* CoinMarketCap */;
			targetProxy = 30C6564120630B35000310FD /* PBXContainerItemProxy */;
		};
/* End PBXTargetDependency section */

/* Begin PBXVariantGroup section */
		30C6563320630B35000310FD /* Main.storyboard */ = {
			isa = PBXVariantGroup;
			children = (
				30C6563420630B35000310FD /* Base */,
			);
			name = Main.storyboard;
			sourceTree = "<group>";
		};
		30C6563820630B35000310FD /* LaunchScreen.storyboard */ = {
			isa = PBXVariantGroup;
			children = (
				30C6563920630B35000310FD /* Base */,
			);
			name = LaunchScreen.storyboard;
			sourceTree = "<group>";
		};
/* End PBXVariantGroup section */

/* Begin XCBuildConfiguration section */
		30C6564720630B35000310FD /* Debug */ = {
			isa = XCBuildConfiguration;
			buildSettings = {
				ALWAYS_SEARCH_USER_PATHS = NO;
				CLANG_ANALYZER_NONNULL = YES;
				CLANG_ANALYZER_NUMBER_OBJECT_CONVERSION = YES_AGGRESSIVE;
				CLANG_CXX_LANGUAGE_STANDARD = "gnu++14";
				CLANG_CXX_LIBRARY = "libc++";
				CLANG_ENABLE_MODULES = YES;
				CLANG_ENABLE_OBJC_ARC = YES;
				CLANG_WARN_BLOCK_CAPTURE_AUTORELEASING = YES;
				CLANG_WARN_BOOL_CONVERSION = YES;
				CLANG_WARN_COMMA = YES;
				CLANG_WARN_CONSTANT_CONVERSION = YES;
				CLANG_WARN_DIRECT_OBJC_ISA_USAGE = YES_ERROR;
				CLANG_WARN_DOCUMENTATION_COMMENTS = YES;
				CLANG_WARN_EMPTY_BODY = YES;
				CLANG_WARN_ENUM_CONVERSION = YES;
				CLANG_WARN_INFINITE_RECURSION = YES;
				CLANG_WARN_INT_CONVERSION = YES;
				CLANG_WARN_NON_LITERAL_NULL_CONVERSION = YES;
				CLANG_WARN_OBJC_LITERAL_CONVERSION = YES;
				CLANG_WARN_OBJC_ROOT_CLASS = YES_ERROR;
				CLANG_WARN_RANGE_LOOP_ANALYSIS = YES;
				CLANG_WARN_STRICT_PROTOTYPES = YES;
				CLANG_WARN_SUSPICIOUS_MOVE = YES;
				CLANG_WARN_UNGUARDED_AVAILABILITY = YES_AGGRESSIVE;
				CLANG_WARN_UNREACHABLE_CODE = YES;
				CLANG_WARN__DUPLICATE_METHOD_MATCH = YES;
				CODE_SIGN_IDENTITY = "iPhone Developer";
				COPY_PHASE_STRIP = NO;
				DEBUG_INFORMATION_FORMAT = dwarf;
				ENABLE_STRICT_OBJC_MSGSEND = YES;
				ENABLE_TESTABILITY = YES;
				GCC_C_LANGUAGE_STANDARD = gnu11;
				GCC_DYNAMIC_NO_PIC = NO;
				GCC_NO_COMMON_BLOCKS = YES;
				GCC_OPTIMIZATION_LEVEL = 0;
				GCC_PREPROCESSOR_DEFINITIONS = (
					"DEBUG=1",
					"$(inherited)",
				);
				GCC_WARN_64_TO_32_BIT_CONVERSION = YES;
				GCC_WARN_ABOUT_RETURN_TYPE = YES_ERROR;
				GCC_WARN_UNDECLARED_SELECTOR = YES;
				GCC_WARN_UNINITIALIZED_AUTOS = YES_AGGRESSIVE;
				GCC_WARN_UNUSED_FUNCTION = YES;
				GCC_WARN_UNUSED_VARIABLE = YES;
				IPHONEOS_DEPLOYMENT_TARGET = 11.2;
				MTL_ENABLE_DEBUG_INFO = YES;
				ONLY_ACTIVE_ARCH = YES;
				SDKROOT = iphoneos;
				SWIFT_ACTIVE_COMPILATION_CONDITIONS = DEBUG;
				SWIFT_OPTIMIZATION_LEVEL = "-Onone";
			};
			name = Debug;
		};
		30C6564820630B35000310FD /* Release */ = {
			isa = XCBuildConfiguration;
			buildSettings = {
				ALWAYS_SEARCH_USER_PATHS = NO;
				CLANG_ANALYZER_NONNULL = YES;
				CLANG_ANALYZER_NUMBER_OBJECT_CONVERSION = YES_AGGRESSIVE;
				CLANG_CXX_LANGUAGE_STANDARD = "gnu++14";
				CLANG_CXX_LIBRARY = "libc++";
				CLANG_ENABLE_MODULES = YES;
				CLANG_ENABLE_OBJC_ARC = YES;
				CLANG_WARN_BLOCK_CAPTURE_AUTORELEASING = YES;
				CLANG_WARN_BOOL_CONVERSION = YES;
				CLANG_WARN_COMMA = YES;
				CLANG_WARN_CONSTANT_CONVERSION = YES;
				CLANG_WARN_DIRECT_OBJC_ISA_USAGE = YES_ERROR;
				CLANG_WARN_DOCUMENTATION_COMMENTS = YES;
				CLANG_WARN_EMPTY_BODY = YES;
				CLANG_WARN_ENUM_CONVERSION = YES;
				CLANG_WARN_INFINITE_RECURSION = YES;
				CLANG_WARN_INT_CONVERSION = YES;
				CLANG_WARN_NON_LITERAL_NULL_CONVERSION = YES;
				CLANG_WARN_OBJC_LITERAL_CONVERSION = YES;
				CLANG_WARN_OBJC_ROOT_CLASS = YES_ERROR;
				CLANG_WARN_RANGE_LOOP_ANALYSIS = YES;
				CLANG_WARN_STRICT_PROTOTYPES = YES;
				CLANG_WARN_SUSPICIOUS_MOVE = YES;
				CLANG_WARN_UNGUARDED_AVAILABILITY = YES_AGGRESSIVE;
				CLANG_WARN_UNREACHABLE_CODE = YES;
				CLANG_WARN__DUPLICATE_METHOD_MATCH = YES;
				CODE_SIGN_IDENTITY = "iPhone Developer";
				COPY_PHASE_STRIP = NO;
				DEBUG_INFORMATION_FORMAT = "dwarf-with-dsym";
				ENABLE_NS_ASSERTIONS = NO;
				ENABLE_STRICT_OBJC_MSGSEND = YES;
				GCC_C_LANGUAGE_STANDARD = gnu11;
				GCC_NO_COMMON_BLOCKS = YES;
				GCC_WARN_64_TO_32_BIT_CONVERSION = YES;
				GCC_WARN_ABOUT_RETURN_TYPE = YES_ERROR;
				GCC_WARN_UNDECLARED_SELECTOR = YES;
				GCC_WARN_UNINITIALIZED_AUTOS = YES_AGGRESSIVE;
				GCC_WARN_UNUSED_FUNCTION = YES;
				GCC_WARN_UNUSED_VARIABLE = YES;
				IPHONEOS_DEPLOYMENT_TARGET = 11.2;
				MTL_ENABLE_DEBUG_INFO = NO;
				SDKROOT = iphoneos;
				SWIFT_OPTIMIZATION_LEVEL = "-Owholemodule";
				VALIDATE_PRODUCT = YES;
			};
			name = Release;
		};
		30C6564A20630B35000310FD /* Debug */ = {
			isa = XCBuildConfiguration;
			baseConfigurationReference = F4A5051F627CAF5EFF656628 /* Pods-CoinMarketCap.debug.xcconfig */;
			buildSettings = {
				ASSETCATALOG_COMPILER_APPICON_NAME = AppIcon;
				CODE_SIGN_STYLE = Automatic;
				DEVELOPMENT_TEAM = 4FGE2T62F7;
				INFOPLIST_FILE = CoinMarketCap/Info.plist;
				LD_RUNPATH_SEARCH_PATHS = "$(inherited) @executable_path/Frameworks";
				PRODUCT_BUNDLE_IDENTIFIER = mourodrigo.CoinMarketCap;
				PRODUCT_NAME = "$(TARGET_NAME)";
				SWIFT_VERSION = 4.0;
				TARGETED_DEVICE_FAMILY = "1,2";
			};
			name = Debug;
		};
		30C6564B20630B35000310FD /* Release */ = {
			isa = XCBuildConfiguration;
			baseConfigurationReference = D6BF5DFF095937E6F533FE00 /* Pods-CoinMarketCap.release.xcconfig */;
			buildSettings = {
				ASSETCATALOG_COMPILER_APPICON_NAME = AppIcon;
				CODE_SIGN_STYLE = Automatic;
				DEVELOPMENT_TEAM = 4FGE2T62F7;
				INFOPLIST_FILE = CoinMarketCap/Info.plist;
				LD_RUNPATH_SEARCH_PATHS = "$(inherited) @executable_path/Frameworks";
				PRODUCT_BUNDLE_IDENTIFIER = mourodrigo.CoinMarketCap;
				PRODUCT_NAME = "$(TARGET_NAME)";
				SWIFT_VERSION = 4.0;
				TARGETED_DEVICE_FAMILY = "1,2";
			};
			name = Release;
		};
		30C6564D20630B35000310FD /* Debug */ = {
			isa = XCBuildConfiguration;
			baseConfigurationReference = A6573F5F1661B105C02EEA2F /* Pods-CoinMarketCapTests.debug.xcconfig */;
			buildSettings = {
				ALWAYS_EMBED_SWIFT_STANDARD_LIBRARIES = YES;
				BUNDLE_LOADER = "$(TEST_HOST)";
				CODE_SIGN_STYLE = Automatic;
				DEVELOPMENT_TEAM = 4FGE2T62F7;
				INFOPLIST_FILE = CoinMarketCapTests/Info.plist;
				LD_RUNPATH_SEARCH_PATHS = "$(inherited) @executable_path/Frameworks @loader_path/Frameworks";
				PRODUCT_BUNDLE_IDENTIFIER = mourodrigo.CoinMarketCapTests;
				PRODUCT_NAME = "$(TARGET_NAME)";
				SWIFT_VERSION = 4.0;
				TARGETED_DEVICE_FAMILY = "1,2";
				TEST_HOST = "$(BUILT_PRODUCTS_DIR)/CoinMarketCap.app/CoinMarketCap";
			};
			name = Debug;
		};
		30C6564E20630B35000310FD /* Release */ = {
			isa = XCBuildConfiguration;
			baseConfigurationReference = DC91716EFCB7AA94C4431B93 /* Pods-CoinMarketCapTests.release.xcconfig */;
			buildSettings = {
				ALWAYS_EMBED_SWIFT_STANDARD_LIBRARIES = YES;
				BUNDLE_LOADER = "$(TEST_HOST)";
				CODE_SIGN_STYLE = Automatic;
				DEVELOPMENT_TEAM = 4FGE2T62F7;
				INFOPLIST_FILE = CoinMarketCapTests/Info.plist;
				LD_RUNPATH_SEARCH_PATHS = "$(inherited) @executable_path/Frameworks @loader_path/Frameworks";
				PRODUCT_BUNDLE_IDENTIFIER = mourodrigo.CoinMarketCapTests;
				PRODUCT_NAME = "$(TARGET_NAME)";
				SWIFT_VERSION = 4.0;
				TARGETED_DEVICE_FAMILY = "1,2";
				TEST_HOST = "$(BUILT_PRODUCTS_DIR)/CoinMarketCap.app/CoinMarketCap";
			};
			name = Release;
		};
/* End XCBuildConfiguration section */

/* Begin XCConfigurationList section */
		30C6562720630B35000310FD /* Build configuration list for PBXProject "CoinMarketCap" */ = {
			isa = XCConfigurationList;
			buildConfigurations = (
				30C6564720630B35000310FD /* Debug */,
				30C6564820630B35000310FD /* Release */,
			);
			defaultConfigurationIsVisible = 0;
			defaultConfigurationName = Release;
		};
		30C6564920630B35000310FD /* Build configuration list for PBXNativeTarget "CoinMarketCap" */ = {
			isa = XCConfigurationList;
			buildConfigurations = (
				30C6564A20630B35000310FD /* Debug */,
				30C6564B20630B35000310FD /* Release */,
			);
			defaultConfigurationIsVisible = 0;
			defaultConfigurationName = Release;
		};
		30C6564C20630B35000310FD /* Build configuration list for PBXNativeTarget "CoinMarketCapTests" */ = {
			isa = XCConfigurationList;
			buildConfigurations = (
				30C6564D20630B35000310FD /* Debug */,
				30C6564E20630B35000310FD /* Release */,
			);
			defaultConfigurationIsVisible = 0;
			defaultConfigurationName = Release;
		};
/* End XCConfigurationList section */
	};
	rootObject = 30C6562420630B35000310FD /* Project object */;
}
